// !$*UTF8*$!
{
	archiveVersion = 1;
	classes = {
	};
	objectVersion = 50;
	objects = {

/* Begin PBXBuildFile section */
		410627AE22384EBA00AED5DA /* SongList.swift in Sources */ = {isa = PBXBuildFile; fileRef = 410627AD22384EBA00AED5DA /* SongList.swift */; };
		411FE0F42233A1110044E283 /* iTunesClient.swift in Sources */ = {isa = PBXBuildFile; fileRef = 411FE0F32233A1110044E283 /* iTunesClient.swift */; };
		411FE0F8223469D00044E283 /* SongCell.swift in Sources */ = {isa = PBXBuildFile; fileRef = 411FE0F7223469D00044E283 /* SongCell.swift */; };
		4135B2D0221E747D00776DC8 /* AppDelegate.swift in Sources */ = {isa = PBXBuildFile; fileRef = 4135B2CF221E747D00776DC8 /* AppDelegate.swift */; };
		4135B2D2221E747D00776DC8 /* ViewController.swift in Sources */ = {isa = PBXBuildFile; fileRef = 4135B2D1221E747D00776DC8 /* ViewController.swift */; };
		4135B2D5221E747D00776DC8 /* Main.storyboard in Resources */ = {isa = PBXBuildFile; fileRef = 4135B2D3221E747D00776DC8 /* Main.storyboard */; };
		4135B2D8221E747D00776DC8 /* ItunesMusicApp.xcdatamodeld in Sources */ = {isa = PBXBuildFile; fileRef = 4135B2D6221E747D00776DC8 /* ItunesMusicApp.xcdatamodeld */; };
		4135B2DA221E747F00776DC8 /* Assets.xcassets in Resources */ = {isa = PBXBuildFile; fileRef = 4135B2D9221E747F00776DC8 /* Assets.xcassets */; };
		4135B2DD221E747F00776DC8 /* LaunchScreen.storyboard in Resources */ = {isa = PBXBuildFile; fileRef = 4135B2DB221E747F00776DC8 /* LaunchScreen.storyboard */; };
		4135B2E8221E747F00776DC8 /* ItunesMusicAppTests.swift in Sources */ = {isa = PBXBuildFile; fileRef = 4135B2E7221E747F00776DC8 /* ItunesMusicAppTests.swift */; };
		4135B2F3221E747F00776DC8 /* ItunesMusicAppUITests.swift in Sources */ = {isa = PBXBuildFile; fileRef = 4135B2F2221E747F00776DC8 /* ItunesMusicAppUITests.swift */; };
		4196C7772239D7B200C48BF9 /* Song.swift in Sources */ = {isa = PBXBuildFile; fileRef = 4196C7762239D7B200C48BF9 /* Song.swift */; };
		4196C779223A4E0600C48BF9 /* TableViewExtention.swift in Sources */ = {isa = PBXBuildFile; fileRef = 4196C778223A4E0600C48BF9 /* TableViewExtention.swift */; };
		41E133A92227318200237CCD /* iTunesEndpoint.swift in Sources */ = {isa = PBXBuildFile; fileRef = 41E133A82227318200237CCD /* iTunesEndpoint.swift */; };
/* End PBXBuildFile section */

/* Begin PBXContainerItemProxy section */
		4135B2E4221E747F00776DC8 /* PBXContainerItemProxy */ = {
			isa = PBXContainerItemProxy;
			containerPortal = 4135B2C4221E747D00776DC8 /* Project object */;
			proxyType = 1;
			remoteGlobalIDString = 4135B2CB221E747D00776DC8;
			remoteInfo = ItunesMusicApp;
		};
		4135B2EF221E747F00776DC8 /* PBXContainerItemProxy */ = {
			isa = PBXContainerItemProxy;
			containerPortal = 4135B2C4221E747D00776DC8 /* Project object */;
			proxyType = 1;
			remoteGlobalIDString = 4135B2CB221E747D00776DC8;
			remoteInfo = ItunesMusicApp;
		};
/* End PBXContainerItemProxy section */

/* Begin PBXFileReference section */
		410627AD22384EBA00AED5DA /* SongList.swift */ = {isa = PBXFileReference; lastKnownFileType = sourcecode.swift; path = SongList.swift; sourceTree = "<group>"; };
		411FE0F32233A1110044E283 /* iTunesClient.swift */ = {isa = PBXFileReference; lastKnownFileType = sourcecode.swift; path = iTunesClient.swift; sourceTree = "<group>"; };
		411FE0F7223469D00044E283 /* SongCell.swift */ = {isa = PBXFileReference; lastKnownFileType = sourcecode.swift; path = SongCell.swift; sourceTree = "<group>"; };
		4135B2CC221E747D00776DC8 /* ItunesMusicApp.app */ = {isa = PBXFileReference; explicitFileType = wrapper.application; includeInIndex = 0; path = ItunesMusicApp.app; sourceTree = BUILT_PRODUCTS_DIR; };
		4135B2CF221E747D00776DC8 /* AppDelegate.swift */ = {isa = PBXFileReference; lastKnownFileType = sourcecode.swift; path = AppDelegate.swift; sourceTree = "<group>"; };
		4135B2D1221E747D00776DC8 /* ViewController.swift */ = {isa = PBXFileReference; lastKnownFileType = sourcecode.swift; path = ViewController.swift; sourceTree = "<group>"; };
		4135B2D4221E747D00776DC8 /* Base */ = {isa = PBXFileReference; lastKnownFileType = file.storyboard; name = Base; path = Base.lproj/Main.storyboard; sourceTree = "<group>"; };
		4135B2D7221E747D00776DC8 /* ItunesMusicApp.xcdatamodel */ = {isa = PBXFileReference; lastKnownFileType = wrapper.xcdatamodel; path = ItunesMusicApp.xcdatamodel; sourceTree = "<group>"; };
		4135B2D9221E747F00776DC8 /* Assets.xcassets */ = {isa = PBXFileReference; lastKnownFileType = folder.assetcatalog; path = Assets.xcassets; sourceTree = "<group>"; };
		4135B2DC221E747F00776DC8 /* Base */ = {isa = PBXFileReference; lastKnownFileType = file.storyboard; name = Base; path = Base.lproj/LaunchScreen.storyboard; sourceTree = "<group>"; };
		4135B2DE221E747F00776DC8 /* Info.plist */ = {isa = PBXFileReference; lastKnownFileType = text.plist.xml; path = Info.plist; sourceTree = "<group>"; };
		4135B2E3221E747F00776DC8 /* ItunesMusicAppTests.xctest */ = {isa = PBXFileReference; explicitFileType = wrapper.cfbundle; includeInIndex = 0; path = ItunesMusicAppTests.xctest; sourceTree = BUILT_PRODUCTS_DIR; };
		4135B2E7221E747F00776DC8 /* ItunesMusicAppTests.swift */ = {isa = PBXFileReference; lastKnownFileType = sourcecode.swift; path = ItunesMusicAppTests.swift; sourceTree = "<group>"; };
		4135B2E9221E747F00776DC8 /* Info.plist */ = {isa = PBXFileReference; lastKnownFileType = text.plist.xml; path = Info.plist; sourceTree = "<group>"; };
		4135B2EE221E747F00776DC8 /* ItunesMusicAppUITests.xctest */ = {isa = PBXFileReference; explicitFileType = wrapper.cfbundle; includeInIndex = 0; path = ItunesMusicAppUITests.xctest; sourceTree = BUILT_PRODUCTS_DIR; };
		4135B2F2221E747F00776DC8 /* ItunesMusicAppUITests.swift */ = {isa = PBXFileReference; lastKnownFileType = sourcecode.swift; path = ItunesMusicAppUITests.swift; sourceTree = "<group>"; };
		4135B2F4221E747F00776DC8 /* Info.plist */ = {isa = PBXFileReference; lastKnownFileType = text.plist.xml; path = Info.plist; sourceTree = "<group>"; };
		4196C7762239D7B200C48BF9 /* Song.swift */ = {isa = PBXFileReference; lastKnownFileType = sourcecode.swift; path = Song.swift; sourceTree = "<group>"; };
		4196C778223A4E0600C48BF9 /* TableViewExtention.swift */ = {isa = PBXFileReference; lastKnownFileType = sourcecode.swift; path = TableViewExtention.swift; sourceTree = "<group>"; };
		41E133A82227318200237CCD /* iTunesEndpoint.swift */ = {isa = PBXFileReference; lastKnownFileType = sourcecode.swift; path = iTunesEndpoint.swift; sourceTree = "<group>"; };
/* End PBXFileReference section */

/* Begin PBXFrameworksBuildPhase section */
		4135B2C9221E747D00776DC8 /* Frameworks */ = {
			isa = PBXFrameworksBuildPhase;
			buildActionMask = 2147483647;
			files = (
			);
			runOnlyForDeploymentPostprocessing = 0;
		};
		4135B2E0221E747F00776DC8 /* Frameworks */ = {
			isa = PBXFrameworksBuildPhase;
			buildActionMask = 2147483647;
			files = (
			);
			runOnlyForDeploymentPostprocessing = 0;
		};
		4135B2EB221E747F00776DC8 /* Frameworks */ = {
			isa = PBXFrameworksBuildPhase;
			buildActionMask = 2147483647;
			files = (
			);
			runOnlyForDeploymentPostprocessing = 0;
		};
/* End PBXFrameworksBuildPhase section */

/* Begin PBXGroup section */
		411FE0EE22337E800044E283 /* Model */ = {
			isa = PBXGroup;
			children = (
				410627AD22384EBA00AED5DA /* SongList.swift */,
				41E133A82227318200237CCD /* iTunesEndpoint.swift */,
				411FE0F32233A1110044E283 /* iTunesClient.swift */,
				4196C7762239D7B200C48BF9 /* Song.swift */,
			);
			path = Model;
			sourceTree = "<group>";
		};
		411FE0F92235766B0044E283 /* View */ = {
			isa = PBXGroup;
			children = (
				4135B2D3221E747D00776DC8 /* Main.storyboard */,
				4135B2DB221E747F00776DC8 /* LaunchScreen.storyboard */,
				411FE0F7223469D00044E283 /* SongCell.swift */,
			);
			path = View;
			sourceTree = "<group>";
		};
		411FE0FA2235D4750044E283 /* Controller */ = {
			isa = PBXGroup;
			children = (
				4135B2D1221E747D00776DC8 /* ViewController.swift */,
				4196C778223A4E0600C48BF9 /* TableViewExtention.swift */,
			);
			name = Controller;
			path = "New Group";
			sourceTree = "<group>";
		};
		4135B2C3221E747D00776DC8 = {
			isa = PBXGroup;
			children = (
				4135B2CE221E747D00776DC8 /* ItunesMusicApp */,
				4135B2E6221E747F00776DC8 /* ItunesMusicAppTests */,
				4135B2F1221E747F00776DC8 /* ItunesMusicAppUITests */,
				4135B2CD221E747D00776DC8 /* Products */,
			);
			sourceTree = "<group>";
		};
		4135B2CD221E747D00776DC8 /* Products */ = {
			isa = PBXGroup;
			children = (
				4135B2CC221E747D00776DC8 /* ItunesMusicApp.app */,
				4135B2E3221E747F00776DC8 /* ItunesMusicAppTests.xctest */,
				4135B2EE221E747F00776DC8 /* ItunesMusicAppUITests.xctest */,
			);
			name = Products;
			sourceTree = "<group>";
		};
		4135B2CE221E747D00776DC8 /* ItunesMusicApp */ = {
			isa = PBXGroup;
			children = (
				411FE0F92235766B0044E283 /* View */,
				411FE0EE22337E800044E283 /* Model */,
				4135B2CF221E747D00776DC8 /* AppDelegate.swift */,
				4135B2D9221E747F00776DC8 /* Assets.xcassets */,
				411FE0FA2235D4750044E283 /* Controller */,
				4135B2DE221E747F00776DC8 /* Info.plist */,
				4135B2D6221E747D00776DC8 /* ItunesMusicApp.xcdatamodeld */,
			);
			path = ItunesMusicApp;
			sourceTree = "<group>";
		};
		4135B2E6221E747F00776DC8 /* ItunesMusicAppTests */ = {
			isa = PBXGroup;
			children = (
				4135B2E7221E747F00776DC8 /* ItunesMusicAppTests.swift */,
				4135B2E9221E747F00776DC8 /* Info.plist */,
			);
			path = ItunesMusicAppTests;
			sourceTree = "<group>";
		};
		4135B2F1221E747F00776DC8 /* ItunesMusicAppUITests */ = {
			isa = PBXGroup;
			children = (
				4135B2F2221E747F00776DC8 /* ItunesMusicAppUITests.swift */,
				4135B2F4221E747F00776DC8 /* Info.plist */,
			);
			path = ItunesMusicAppUITests;
			sourceTree = "<group>";
		};
/* End PBXGroup section */

/* Begin PBXNativeTarget section */
		4135B2CB221E747D00776DC8 /* ItunesMusicApp */ = {
			isa = PBXNativeTarget;
			buildConfigurationList = 4135B2F7221E747F00776DC8 /* Build configuration list for PBXNativeTarget "ItunesMusicApp" */;
			buildPhases = (
				4135B2C8221E747D00776DC8 /* Sources */,
				4135B2C9221E747D00776DC8 /* Frameworks */,
				4135B2CA221E747D00776DC8 /* Resources */,
			);
			buildRules = (
			);
			dependencies = (
			);
			name = ItunesMusicApp;
			productName = ItunesMusicApp;
			productReference = 4135B2CC221E747D00776DC8 /* ItunesMusicApp.app */;
			productType = "com.apple.product-type.application";
		};
		4135B2E2221E747F00776DC8 /* ItunesMusicAppTests */ = {
			isa = PBXNativeTarget;
			buildConfigurationList = 4135B2FA221E747F00776DC8 /* Build configuration list for PBXNativeTarget "ItunesMusicAppTests" */;
			buildPhases = (
				4135B2DF221E747F00776DC8 /* Sources */,
				4135B2E0221E747F00776DC8 /* Frameworks */,
				4135B2E1221E747F00776DC8 /* Resources */,
			);
			buildRules = (
			);
			dependencies = (
				4135B2E5221E747F00776DC8 /* PBXTargetDependency */,
			);
			name = ItunesMusicAppTests;
			productName = ItunesMusicAppTests;
			productReference = 4135B2E3221E747F00776DC8 /* ItunesMusicAppTests.xctest */;
			productType = "com.apple.product-type.bundle.unit-test";
		};
		4135B2ED221E747F00776DC8 /* ItunesMusicAppUITests */ = {
			isa = PBXNativeTarget;
			buildConfigurationList = 4135B2FD221E747F00776DC8 /* Build configuration list for PBXNativeTarget "ItunesMusicAppUITests" */;
			buildPhases = (
				4135B2EA221E747F00776DC8 /* Sources */,
				4135B2EB221E747F00776DC8 /* Frameworks */,
				4135B2EC221E747F00776DC8 /* Resources */,
			);
			buildRules = (
			);
			dependencies = (
				4135B2F0221E747F00776DC8 /* PBXTargetDependency */,
			);
			name = ItunesMusicAppUITests;
			productName = ItunesMusicAppUITests;
			productReference = 4135B2EE221E747F00776DC8 /* ItunesMusicAppUITests.xctest */;
			productType = "com.apple.product-type.bundle.ui-testing";
		};
/* End PBXNativeTarget section */

/* Begin PBXProject section */
		4135B2C4221E747D00776DC8 /* Project object */ = {
			isa = PBXProject;
			attributes = {
				LastSwiftUpdateCheck = 1010;
				LastUpgradeCheck = 1010;
				ORGANIZATIONNAME = "Mit Amin";
				TargetAttributes = {
					4135B2CB221E747D00776DC8 = {
						CreatedOnToolsVersion = 10.1;
					};
					4135B2E2221E747F00776DC8 = {
						CreatedOnToolsVersion = 10.1;
						TestTargetID = 4135B2CB221E747D00776DC8;
					};
					4135B2ED221E747F00776DC8 = {
						CreatedOnToolsVersion = 10.1;
						TestTargetID = 4135B2CB221E747D00776DC8;
					};
				};
			};
			buildConfigurationList = 4135B2C7221E747D00776DC8 /* Build configuration list for PBXProject "ItunesMusicApp" */;
			compatibilityVersion = "Xcode 9.3";
			developmentRegion = en;
			hasScannedForEncodings = 0;
			knownRegions = (
				en,
				Base,
			);
			mainGroup = 4135B2C3221E747D00776DC8;
			productRefGroup = 4135B2CD221E747D00776DC8 /* Products */;
			projectDirPath = "";
			projectRoot = "";
			targets = (
				4135B2CB221E747D00776DC8 /* ItunesMusicApp */,
				4135B2E2221E747F00776DC8 /* ItunesMusicAppTests */,
				4135B2ED221E747F00776DC8 /* ItunesMusicAppUITests */,
			);
		};
/* End PBXProject section */

/* Begin PBXResourcesBuildPhase section */
		4135B2CA221E747D00776DC8 /* Resources */ = {
			isa = PBXResourcesBuildPhase;
			buildActionMask = 2147483647;
			files = (
				4135B2DD221E747F00776DC8 /* LaunchScreen.storyboard in Resources */,
				4135B2DA221E747F00776DC8 /* Assets.xcassets in Resources */,
				4135B2D5221E747D00776DC8 /* Main.storyboard in Resources */,
			);
			runOnlyForDeploymentPostprocessing = 0;
		};
		4135B2E1221E747F00776DC8 /* Resources */ = {
			isa = PBXResourcesBuildPhase;
			buildActionMask = 2147483647;
			files = (
			);
			runOnlyForDeploymentPostprocessing = 0;
		};
		4135B2EC221E747F00776DC8 /* Resources */ = {
			isa = PBXResourcesBuildPhase;
			buildActionMask = 2147483647;
			files = (
			);
			runOnlyForDeploymentPostprocessing = 0;
		};
/* End PBXResourcesBuildPhase section */

/* Begin PBXSourcesBuildPhase section */
		4135B2C8221E747D00776DC8 /* Sources */ = {
			isa = PBXSourcesBuildPhase;
			buildActionMask = 2147483647;
			files = (
				411FE0F8223469D00044E283 /* SongCell.swift in Sources */,
				4135B2D8221E747D00776DC8 /* ItunesMusicApp.xcdatamodeld in Sources */,
				410627AE22384EBA00AED5DA /* SongList.swift in Sources */,
				4135B2D2221E747D00776DC8 /* ViewController.swift in Sources */,
				4196C7772239D7B200C48BF9 /* Song.swift in Sources */,
				4196C779223A4E0600C48BF9 /* TableViewExtention.swift in Sources */,
				4135B2D0221E747D00776DC8 /* AppDelegate.swift in Sources */,
				41E133A92227318200237CCD /* iTunesEndpoint.swift in Sources */,
				411FE0F42233A1110044E283 /* iTunesClient.swift in Sources */,
			);
			runOnlyForDeploymentPostprocessing = 0;
		};
		4135B2DF221E747F00776DC8 /* Sources */ = {
			isa = PBXSourcesBuildPhase;
			buildActionMask = 2147483647;
			files = (
				4135B2E8221E747F00776DC8 /* ItunesMusicAppTests.swift in Sources */,
			);
			runOnlyForDeploymentPostprocessing = 0;
		};
		4135B2EA221E747F00776DC8 /* Sources */ = {
			isa = PBXSourcesBuildPhase;
			buildActionMask = 2147483647;
			files = (
				4135B2F3221E747F00776DC8 /* ItunesMusicAppUITests.swift in Sources */,
			);
			runOnlyForDeploymentPostprocessing = 0;
		};
/* End PBXSourcesBuildPhase section */

/* Begin PBXTargetDependency section */
		4135B2E5221E747F00776DC8 /* PBXTargetDependency */ = {
			isa = PBXTargetDependency;
			target = 4135B2CB221E747D00776DC8 /* ItunesMusicApp */;
			targetProxy = 4135B2E4221E747F00776DC8 /* PBXContainerItemProxy */;
		};
		4135B2F0221E747F00776DC8 /* PBXTargetDependency */ = {
			isa = PBXTargetDependency;
			target = 4135B2CB221E747D00776DC8 /* ItunesMusicApp */;
			targetProxy = 4135B2EF221E747F00776DC8 /* PBXContainerItemProxy */;
		};
/* End PBXTargetDependency section */

/* Begin PBXVariantGroup section */
		4135B2D3221E747D00776DC8 /* Main.storyboard */ = {
			isa = PBXVariantGroup;
			children = (
				4135B2D4221E747D00776DC8 /* Base */,
			);
			name = Main.storyboard;
			sourceTree = "<group>";
		};
		4135B2DB221E747F00776DC8 /* LaunchScreen.storyboard */ = {
			isa = PBXVariantGroup;
			children = (
				4135B2DC221E747F00776DC8 /* Base */,
			);
			name = LaunchScreen.storyboard;
			sourceTree = "<group>";
		};
/* End PBXVariantGroup section */

/* Begin XCBuildConfiguration section */
		4135B2F5221E747F00776DC8 /* Debug */ = {
			isa = XCBuildConfiguration;
			buildSettings = {
				ALWAYS_SEARCH_USER_PATHS = NO;
				CLANG_ANALYZER_NONNULL = YES;
				CLANG_ANALYZER_NUMBER_OBJECT_CONVERSION = YES_AGGRESSIVE;
				CLANG_CXX_LANGUAGE_STANDARD = "gnu++14";
				CLANG_CXX_LIBRARY = "libc++";
				CLANG_ENABLE_MODULES = YES;
				CLANG_ENABLE_OBJC_ARC = YES;
				CLANG_ENABLE_OBJC_WEAK = YES;
				CLANG_WARN_BLOCK_CAPTURE_AUTORELEASING = YES;
				CLANG_WARN_BOOL_CONVERSION = YES;
				CLANG_WARN_COMMA = YES;
				CLANG_WARN_CONSTANT_CONVERSION = YES;
				CLANG_WARN_DEPRECATED_OBJC_IMPLEMENTATIONS = YES;
				CLANG_WARN_DIRECT_OBJC_ISA_USAGE = YES_ERROR;
				CLANG_WARN_DOCUMENTATION_COMMENTS = YES;
				CLANG_WARN_EMPTY_BODY = YES;
				CLANG_WARN_ENUM_CONVERSION = YES;
				CLANG_WARN_INFINITE_RECURSION = YES;
				CLANG_WARN_INT_CONVERSION = YES;
				CLANG_WARN_NON_LITERAL_NULL_CONVERSION = YES;
				CLANG_WARN_OBJC_IMPLICIT_RETAIN_SELF = YES;
				CLANG_WARN_OBJC_LITERAL_CONVERSION = YES;
				CLANG_WARN_OBJC_ROOT_CLASS = YES_ERROR;
				CLANG_WARN_RANGE_LOOP_ANALYSIS = YES;
				CLANG_WARN_STRICT_PROTOTYPES = YES;
				CLANG_WARN_SUSPICIOUS_MOVE = YES;
				CLANG_WARN_UNGUARDED_AVAILABILITY = YES_AGGRESSIVE;
				CLANG_WARN_UNREACHABLE_CODE = YES;
				CLANG_WARN__DUPLICATE_METHOD_MATCH = YES;
				CODE_SIGN_IDENTITY = "iPhone Developer";
				COPY_PHASE_STRIP = NO;
				DEBUG_INFORMATION_FORMAT = dwarf;
				ENABLE_STRICT_OBJC_MSGSEND = YES;
				ENABLE_TESTABILITY = YES;
				GCC_C_LANGUAGE_STANDARD = gnu11;
				GCC_DYNAMIC_NO_PIC = NO;
				GCC_NO_COMMON_BLOCKS = YES;
				GCC_OPTIMIZATION_LEVEL = 0;
				GCC_PREPROCESSOR_DEFINITIONS = (
					"DEBUG=1",
					"$(inherited)",
				);
				GCC_WARN_64_TO_32_BIT_CONVERSION = YES;
				GCC_WARN_ABOUT_RETURN_TYPE = YES_ERROR;
				GCC_WARN_UNDECLARED_SELECTOR = YES;
				GCC_WARN_UNINITIALIZED_AUTOS = YES_AGGRESSIVE;
				GCC_WARN_UNUSED_FUNCTION = YES;
				GCC_WARN_UNUSED_VARIABLE = YES;
				IPHONEOS_DEPLOYMENT_TARGET = 12.1;
				MTL_ENABLE_DEBUG_INFO = INCLUDE_SOURCE;
				MTL_FAST_MATH = YES;
				ONLY_ACTIVE_ARCH = YES;
				SDKROOT = iphoneos;
				SWIFT_ACTIVE_COMPILATION_CONDITIONS = DEBUG;
				SWIFT_OPTIMIZATION_LEVEL = "-Onone";
			};
			name = Debug;
		};
		4135B2F6221E747F00776DC8 /* Release */ = {
			isa = XCBuildConfiguration;
			buildSettings = {
				ALWAYS_SEARCH_USER_PATHS = NO;
				CLANG_ANALYZER_NONNULL = YES;
				CLANG_ANALYZER_NUMBER_OBJECT_CONVERSION = YES_AGGRESSIVE;
				CLANG_CXX_LANGUAGE_STANDARD = "gnu++14";
				CLANG_CXX_LIBRARY = "libc++";
				CLANG_ENABLE_MODULES = YES;
				CLANG_ENABLE_OBJC_ARC = YES;
				CLANG_ENABLE_OBJC_WEAK = YES;
				CLANG_WARN_BLOCK_CAPTURE_AUTORELEASING = YES;
				CLANG_WARN_BOOL_CONVERSION = YES;
				CLANG_WARN_COMMA = YES;
				CLANG_WARN_CONSTANT_CONVERSION = YES;
				CLANG_WARN_DEPRECATED_OBJC_IMPLEMENTATIONS = YES;
				CLANG_WARN_DIRECT_OBJC_ISA_USAGE = YES_ERROR;
				CLANG_WARN_DOCUMENTATION_COMMENTS = YES;
				CLANG_WARN_EMPTY_BODY = YES;
				CLANG_WARN_ENUM_CONVERSION = YES;
				CLANG_WARN_INFINITE_RECURSION = YES;
				CLANG_WARN_INT_CONVERSION = YES;
				CLANG_WARN_NON_LITERAL_NULL_CONVERSION = YES;
				CLANG_WARN_OBJC_IMPLICIT_RETAIN_SELF = YES;
				CLANG_WARN_OBJC_LITERAL_CONVERSION = YES;
				CLANG_WARN_OBJC_ROOT_CLASS = YES_ERROR;
				CLANG_WARN_RANGE_LOOP_ANALYSIS = YES;
				CLANG_WARN_STRICT_PROTOTYPES = YES;
				CLANG_WARN_SUSPICIOUS_MOVE = YES;
				CLANG_WARN_UNGUARDED_AVAILABILITY = YES_AGGRESSIVE;
				CLANG_WARN_UNREACHABLE_CODE = YES;
				CLANG_WARN__DUPLICATE_METHOD_MATCH = YES;
				CODE_SIGN_IDENTITY = "iPhone Developer";
				COPY_PHASE_STRIP = NO;
				DEBUG_INFORMATION_FORMAT = "dwarf-with-dsym";
				ENABLE_NS_ASSERTIONS = NO;
				ENABLE_STRICT_OBJC_MSGSEND = YES;
				GCC_C_LANGUAGE_STANDARD = gnu11;
				GCC_NO_COMMON_BLOCKS = YES;
				GCC_WARN_64_TO_32_BIT_CONVERSION = YES;
				GCC_WARN_ABOUT_RETURN_TYPE = YES_ERROR;
				GCC_WARN_UNDECLARED_SELECTOR = YES;
				GCC_WARN_UNINITIALIZED_AUTOS = YES_AGGRESSIVE;
				GCC_WARN_UNUSED_FUNCTION = YES;
				GCC_WARN_UNUSED_VARIABLE = YES;
				IPHONEOS_DEPLOYMENT_TARGET = 12.1;
				MTL_ENABLE_DEBUG_INFO = NO;
				MTL_FAST_MATH = YES;
				SDKROOT = iphoneos;
				SWIFT_COMPILATION_MODE = wholemodule;
				SWIFT_OPTIMIZATION_LEVEL = "-O";
				VALIDATE_PRODUCT = YES;
			};
			name = Release;
		};
		4135B2F8221E747F00776DC8 /* Debug */ = {
			isa = XCBuildConfiguration;
			buildSettings = {
				ASSETCATALOG_COMPILER_APPICON_NAME = AppIcon;
				CODE_SIGN_STYLE = Automatic;
				DEVELOPMENT_TEAM = M84D5994X4;
				INFOPLIST_FILE = ItunesMusicApp/Info.plist;
				LD_RUNPATH_SEARCH_PATHS = (
					"$(inherited)",
					"@executable_path/Frameworks",
				);
				PRODUCT_BUNDLE_IDENTIFIER = VCUStudent.ItunesMusicApp;
				PRODUCT_NAME = "$(TARGET_NAME)";
				SWIFT_VERSION = 4.2;
				TARGETED_DEVICE_FAMILY = "1,2";
			};
			name = Debug;
		};
		4135B2F9221E747F00776DC8 /* Release */ = {
			isa = XCBuildConfiguration;
			buildSettings = {
				ASSETCATALOG_COMPILER_APPICON_NAME = AppIcon;
				CODE_SIGN_STYLE = Automatic;
				DEVELOPMENT_TEAM = M84D5994X4;
				INFOPLIST_FILE = ItunesMusicApp/Info.plist;
				LD_RUNPATH_SEARCH_PATHS = (
					"$(inherited)",
					"@executable_path/Frameworks",
				);
				PRODUCT_BUNDLE_IDENTIFIER = VCUStudent.ItunesMusicApp;
				PRODUCT_NAME = "$(TARGET_NAME)";
				SWIFT_VERSION = 4.2;
				TARGETED_DEVICE_FAMILY = "1,2";
			};
			name = Release;
		};
		4135B2FB221E747F00776DC8 /* Debug */ = {
			isa = XCBuildConfiguration;
			buildSettings = {
				ALWAYS_EMBED_SWIFT_STANDARD_LIBRARIES = YES;
				BUNDLE_LOADER = "$(TEST_HOST)";
				CODE_SIGN_STYLE = Automatic;
				DEVELOPMENT_TEAM = M84D5994X4;
				INFOPLIST_FILE = ItunesMusicAppTests/Info.plist;
				LD_RUNPATH_SEARCH_PATHS = (
					"$(inherited)",
					"@executable_path/Frameworks",
					"@loader_path/Frameworks",
				);
				PRODUCT_BUNDLE_IDENTIFIER = VCUStudent.ItunesMusicAppTests;
				PRODUCT_NAME = "$(TARGET_NAME)";
				SWIFT_VERSION = 4.2;
				TARGETED_DEVICE_FAMILY = "1,2";
				TEST_HOST = "$(BUILT_PRODUCTS_DIR)/ItunesMusicApp.app/ItunesMusicApp";
			};
			name = Debug;
		};
		4135B2FC221E747F00776DC8 /* Release */ = {
			isa = XCBuildConfiguration;
			buildSettings = {
				ALWAYS_EMBED_SWIFT_STANDARD_LIBRARIES = YES;
				BUNDLE_LOADER = "$(TEST_HOST)";
				CODE_SIGN_STYLE = Automatic;
				DEVELOPMENT_TEAM = M84D5994X4;
				INFOPLIST_FILE = ItunesMusicAppTests/Info.plist;
				LD_RUNPATH_SEARCH_PATHS = (
					"$(inherited)",
					"@executable_path/Frameworks",
					"@loader_path/Frameworks",
				);
				PRODUCT_BUNDLE_IDENTIFIER = VCUStudent.ItunesMusicAppTests;
				PRODUCT_NAME = "$(TARGET_NAME)";
				SWIFT_VERSION = 4.2;
				TARGETED_DEVICE_FAMILY = "1,2";
				TEST_HOST = "$(BUILT_PRODUCTS_DIR)/ItunesMusicApp.app/ItunesMusicApp";
			};
			name = Release;
		};
		4135B2FE221E747F00776DC8 /* Debug */ = {
			isa = XCBuildConfiguration;
			buildSettings = {
				ALWAYS_EMBED_SWIFT_STANDARD_LIBRARIES = YES;
				CODE_SIGN_STYLE = Automatic;
				DEVELOPMENT_TEAM = M84D5994X4;
				INFOPLIST_FILE = ItunesMusicAppUITests/Info.plist;
				LD_RUNPATH_SEARCH_PATHS = (
					"$(inherited)",
					"@executable_path/Frameworks",
					"@loader_path/Frameworks",
				);
				PRODUCT_BUNDLE_IDENTIFIER = VCUStudent.ItunesMusicAppUITests;
				PRODUCT_NAME = "$(TARGET_NAME)";
				SWIFT_VERSION = 4.2;
				TARGETED_DEVICE_FAMILY = "1,2";
				TEST_TARGET_NAME = ItunesMusicApp;
			};
			name = Debug;
		};
		4135B2FF221E747F00776DC8 /* Release */ = {
			isa = XCBuildConfiguration;
			buildSettings = {
				ALWAYS_EMBED_SWIFT_STANDARD_LIBRARIES = YES;
				CODE_SIGN_STYLE = Automatic;
				DEVELOPMENT_TEAM = M84D5994X4;
				INFOPLIST_FILE = ItunesMusicAppUITests/Info.plist;
				LD_RUNPATH_SEARCH_PATHS = (
					"$(inherited)",
					"@executable_path/Frameworks",
					"@loader_path/Frameworks",
				);
				PRODUCT_BUNDLE_IDENTIFIER = VCUStudent.ItunesMusicAppUITests;
				PRODUCT_NAME = "$(TARGET_NAME)";
				SWIFT_VERSION = 4.2;
				TARGETED_DEVICE_FAMILY = "1,2";
				TEST_TARGET_NAME = ItunesMusicApp;
			};
			name = Release;
		};
/* End XCBuildConfiguration section */

/* Begin XCConfigurationList section */
		4135B2C7221E747D00776DC8 /* Build configuration list for PBXProject "ItunesMusicApp" */ = {
			isa = XCConfigurationList;
			buildConfigurations = (
				4135B2F5221E747F00776DC8 /* Debug */,
				4135B2F6221E747F00776DC8 /* Release */,
			);
			defaultConfigurationIsVisible = 0;
			defaultConfigurationName = Release;
		};
		4135B2F7221E747F00776DC8 /* Build configuration list for PBXNativeTarget "ItunesMusicApp" */ = {
			isa = XCConfigurationList;
			buildConfigurations = (
				4135B2F8221E747F00776DC8 /* Debug */,
				4135B2F9221E747F00776DC8 /* Release */,
			);
			defaultConfigurationIsVisible = 0;
			defaultConfigurationName = Release;
		};
		4135B2FA221E747F00776DC8 /* Build configuration list for PBXNativeTarget "ItunesMusicAppTests" */ = {
			isa = XCConfigurationList;
			buildConfigurations = (
				4135B2FB221E747F00776DC8 /* Debug */,
				4135B2FC221E747F00776DC8 /* Release */,
			);
			defaultConfigurationIsVisible = 0;
			defaultConfigurationName = Release;
		};
		4135B2FD221E747F00776DC8 /* Build configuration list for PBXNativeTarget "ItunesMusicAppUITests" */ = {
			isa = XCConfigurationList;
			buildConfigurations = (
				4135B2FE221E747F00776DC8 /* Debug */,
				4135B2FF221E747F00776DC8 /* Release */,
			);
			defaultConfigurationIsVisible = 0;
			defaultConfigurationName = Release;
		};
/* End XCConfigurationList section */

/* Begin XCVersionGroup section */
		4135B2D6221E747D00776DC8 /* ItunesMusicApp.xcdatamodeld */ = {
			isa = XCVersionGroup;
			children = (
				4135B2D7221E747D00776DC8 /* ItunesMusicApp.xcdatamodel */,
			);
			currentVersion = 4135B2D7221E747D00776DC8 /* ItunesMusicApp.xcdatamodel */;
			path = ItunesMusicApp.xcdatamodeld;
			sourceTree = "<group>";
			versionGroupType = wrapper.xcdatamodel;
		};
/* End XCVersionGroup section */
	};
	rootObject = 4135B2C4221E747D00776DC8 /* Project object */;
}
